
Microsoft Visual Studio Solution File, Format Version 12.00
# Visual Studio Version 16
VisualStudioVersion = 16.0.29403.142
MinimumVisualStudioVersion = 10.0.40219.1
Project("{9A19103F-16F7-4668-BE54-9A1E7A4F7556}") = "GooglePageTask", "GooglePageTask.csproj", "{166D8151-6FDB-44A3-91AF-F5B7E21C2274}"
EndProject
Project("{FAE04EC0-301F-11D3-BF4B-00C04F79EFBC}") = "CrawlerSearch", "..\MockSearch\CrawlerSearch\CrawlerSearch.csproj", "{633FF720-FE9C-4965-992B-9CD87DA1468D}"
EndProject
Global
	GlobalSection(SolutionConfigurationPlatforms) = preSolution
		Debug|Any CPU = Debug|Any CPU
		Release|Any CPU = Release|Any CPU
	EndGlobalSection
	GlobalSection(ProjectConfigurationPlatforms) = postSolution
		{166D8151-6FDB-44A3-91AF-F5B7E21C2274}.Debug|Any CPU.ActiveCfg = Debug|Any CPU
		{166D8151-6FDB-44A3-91AF-F5B7E21C2274}.Debug|Any CPU.Build.0 = Debug|Any CPU
		{166D8151-6FDB-44A3-91AF-F5B7E21C2274}.Release|Any CPU.ActiveCfg = Release|Any CPU
		{166D8151-6FDB-44A3-91AF-F5B7E21C2274}.Release|Any CPU.Build.0 = Release|Any CPU
		{633FF720-FE9C-4965-992B-9CD87DA1468D}.Debug|Any CPU.ActiveCfg = Debug|Any CPU
		{633FF720-FE9C-4965-992B-9CD87DA1468D}.Debug|Any CPU.Build.0 = Debug|Any CPU
		{633FF720-FE9C-4965-992B-9CD87DA1468D}.Release|Any CPU.ActiveCfg = Release|Any CPU
		{633FF720-FE9C-4965-992B-9CD87DA1468D}.Release|Any CPU.Build.0 = Release|Any CPU
	EndGlobalSection
	GlobalSection(SolutionProperties) = preSolution
		HideSolutionNode = FALSE
	EndGlobalSection
	GlobalSection(ExtensibilityGlobals) = postSolution
		SolutionGuid = {0A14E3FC-78CE-40C5-B1F6-4838D2482F40}
	EndGlobalSection
EndGlobal
